
Microsoft Visual Studio Solution File, Format Version 12.00
# Visual Studio Version 17
VisualStudioVersion = 17.8.34330.188
MinimumVisualStudioVersion = 10.0.40219.1
Project("{9A19103F-16F7-4668-BE54-9A1E7A4F7556}") = "Introduction", "Introduction.csproj", "{2547A149-1B99-477A-842F-3A7E8634BA6A}"
EndProject
Project("{FAE04EC0-301F-11D3-BF4B-00C04F79EFBC}") = "Structure", "..\Structure\Structure.csproj", "{A694AEDF-C3BA-4B6B-AF32-1B45CF945C70}"
EndProject
Project("{FAE04EC0-301F-11D3-BF4B-00C04F79EFBC}") = "Exo_cards", "..\Exo_cards\Exo_cards.csproj", "{24538118-320D-450F-837E-AB67E69DC2E6}"
EndProject
Global
	GlobalSection(SolutionConfigurationPlatforms) = preSolution
		Debug|Any CPU = Debug|Any CPU
		Release|Any CPU = Release|Any CPU
	EndGlobalSection
	GlobalSection(ProjectConfigurationPlatforms) = postSolution
		{2547A149-1B99-477A-842F-3A7E8634BA6A}.Debug|Any CPU.ActiveCfg = Debug|Any CPU
		{2547A149-1B99-477A-842F-3A7E8634BA6A}.Debug|Any CPU.Build.0 = Debug|Any CPU
		{2547A149-1B99-477A-842F-3A7E8634BA6A}.Release|Any CPU.ActiveCfg = Release|Any CPU
		{2547A149-1B99-477A-842F-3A7E8634BA6A}.Release|Any CPU.Build.0 = Release|Any CPU
		{A694AEDF-C3BA-4B6B-AF32-1B45CF945C70}.Debug|Any CPU.ActiveCfg = Debug|Any CPU
		{A694AEDF-C3BA-4B6B-AF32-1B45CF945C70}.Debug|Any CPU.Build.0 = Debug|Any CPU
		{A694AEDF-C3BA-4B6B-AF32-1B45CF945C70}.Release|Any CPU.ActiveCfg = Release|Any CPU
		{A694AEDF-C3BA-4B6B-AF32-1B45CF945C70}.Release|Any CPU.Build.0 = Release|Any CPU
		{24538118-320D-450F-837E-AB67E69DC2E6}.Debug|Any CPU.ActiveCfg = Debug|Any CPU
		{24538118-320D-450F-837E-AB67E69DC2E6}.Debug|Any CPU.Build.0 = Debug|Any CPU
		{24538118-320D-450F-837E-AB67E69DC2E6}.Release|Any CPU.ActiveCfg = Release|Any CPU
		{24538118-320D-450F-837E-AB67E69DC2E6}.Release|Any CPU.Build.0 = Release|Any CPU
	EndGlobalSection
	GlobalSection(SolutionProperties) = preSolution
		HideSolutionNode = FALSE
	EndGlobalSection
	GlobalSection(ExtensibilityGlobals) = postSolution
		SolutionGuid = {705C97A0-9EB1-4FFA-BEF6-40A16F2FF089}
	EndGlobalSection
EndGlobal
