
Microsoft Visual Studio Solution File, Format Version 12.00
# Visual Studio Version 17
VisualStudioVersion = 17.8.34330.188
MinimumVisualStudioVersion = 10.0.40219.1
Project("{9A19103F-16F7-4668-BE54-9A1E7A4F7556}") = "Labo_Agence_Voyage.ASP_MVC", "Labo_Agence_Voyage.ASP_MVC.csproj", "{A1D71CDD-970C-4FE6-8709-77491DCBF047}"
EndProject
Project("{9A19103F-16F7-4668-BE54-9A1E7A4F7556}") = "Labo_Agence_Voyage.Domain", "..\Labo_Agence_Voyage.Domain\Labo_Agence_Voyage.Domain.csproj", "{C75C6A4A-7747-4654-B482-FD1D4C3E9942}"
EndProject
Project("{9A19103F-16F7-4668-BE54-9A1E7A4F7556}") = "Labo_Agence_Voyage.BLL", "..\Labo_Agence_Voyage.BLL\Labo_Agence_Voyage.BLL.csproj", "{4DA65D7D-3F5B-436A-A16F-863EBC2974B2}"
EndProject
Project("{9A19103F-16F7-4668-BE54-9A1E7A4F7556}") = "Labo_Agence_Voyage.DAL", "..\Labo_Agence_Voyage.DAL\Labo_Agence_Voyage.DAL.csproj", "{2817C44A-AA60-4EF0-859C-4CBA8D242146}"
EndProject
Project("{9A19103F-16F7-4668-BE54-9A1E7A4F7556}") = "Labo_Agence_Voyage.Web_API", "..\Labo_Agence_Voyage.Web_API\Labo_Agence_Voyage.Web_API.csproj", "{A839B27C-B76C-4ADC-AD1D-FA9BE6A10A5D}"
EndProject
Global
	GlobalSection(SolutionConfigurationPlatforms) = preSolution
		Debug|Any CPU = Debug|Any CPU
		Release|Any CPU = Release|Any CPU
	EndGlobalSection
	GlobalSection(ProjectConfigurationPlatforms) = postSolution
		{A1D71CDD-970C-4FE6-8709-77491DCBF047}.Debug|Any CPU.ActiveCfg = Debug|Any CPU
		{A1D71CDD-970C-4FE6-8709-77491DCBF047}.Debug|Any CPU.Build.0 = Debug|Any CPU
		{A1D71CDD-970C-4FE6-8709-77491DCBF047}.Release|Any CPU.ActiveCfg = Release|Any CPU
		{A1D71CDD-970C-4FE6-8709-77491DCBF047}.Release|Any CPU.Build.0 = Release|Any CPU
		{C75C6A4A-7747-4654-B482-FD1D4C3E9942}.Debug|Any CPU.ActiveCfg = Debug|Any CPU
		{C75C6A4A-7747-4654-B482-FD1D4C3E9942}.Debug|Any CPU.Build.0 = Debug|Any CPU
		{C75C6A4A-7747-4654-B482-FD1D4C3E9942}.Release|Any CPU.ActiveCfg = Release|Any CPU
		{C75C6A4A-7747-4654-B482-FD1D4C3E9942}.Release|Any CPU.Build.0 = Release|Any CPU
		{4DA65D7D-3F5B-436A-A16F-863EBC2974B2}.Debug|Any CPU.ActiveCfg = Debug|Any CPU
		{4DA65D7D-3F5B-436A-A16F-863EBC2974B2}.Debug|Any CPU.Build.0 = Debug|Any CPU
		{4DA65D7D-3F5B-436A-A16F-863EBC2974B2}.Release|Any CPU.ActiveCfg = Release|Any CPU
		{4DA65D7D-3F5B-436A-A16F-863EBC2974B2}.Release|Any CPU.Build.0 = Release|Any CPU
		{2817C44A-AA60-4EF0-859C-4CBA8D242146}.Debug|Any CPU.ActiveCfg = Debug|Any CPU
		{2817C44A-AA60-4EF0-859C-4CBA8D242146}.Debug|Any CPU.Build.0 = Debug|Any CPU
		{2817C44A-AA60-4EF0-859C-4CBA8D242146}.Release|Any CPU.ActiveCfg = Release|Any CPU
		{2817C44A-AA60-4EF0-859C-4CBA8D242146}.Release|Any CPU.Build.0 = Release|Any CPU
		{A839B27C-B76C-4ADC-AD1D-FA9BE6A10A5D}.Debug|Any CPU.ActiveCfg = Debug|Any CPU
		{A839B27C-B76C-4ADC-AD1D-FA9BE6A10A5D}.Debug|Any CPU.Build.0 = Debug|Any CPU
		{A839B27C-B76C-4ADC-AD1D-FA9BE6A10A5D}.Release|Any CPU.ActiveCfg = Release|Any CPU
		{A839B27C-B76C-4ADC-AD1D-FA9BE6A10A5D}.Release|Any CPU.Build.0 = Release|Any CPU
	EndGlobalSection
	GlobalSection(SolutionProperties) = preSolution
		HideSolutionNode = FALSE
	EndGlobalSection
	GlobalSection(ExtensibilityGlobals) = postSolution
		SolutionGuid = {9340A25A-E14E-430D-A491-4166392351FC}
	EndGlobalSection
EndGlobal
